
Microsoft Visual Studio Solution File, Format Version 12.00
# Visual Studio Version 16
VisualStudioVersion = 16.0.29230.47
MinimumVisualStudioVersion = 10.0.40219.1
Project("{9A19103F-16F7-4668-BE54-9A1E7A4F7556}") = "LQPrimaryAPI", "LQPrimaryAPI\LQPrimaryAPI.csproj", "{08517306-9A14-4D42-9C49-DB0AEA157A6C}"
EndProject
Project("{9A19103F-16F7-4668-BE54-9A1E7A4F7556}") = "Testing", "Testing\Testing.csproj", "{D78BE101-3E1D-4DA1-8D43-CF2EDDE339C7}"
EndProject
Project("{FAE04EC0-301F-11D3-BF4B-00C04F79EFBC}") = "LQTrader", "LQTrader\LQTrader.csproj", "{403BC314-A4E4-4488-896E-D46A398F8B98}"
EndProject
Project("{9A19103F-16F7-4668-BE54-9A1E7A4F7556}") = "LQEntities", "LQEntities\LQEntities.csproj", "{167BD5DC-8E4E-4DE7-9FFD-14121DC1614E}"
EndProject
Project("{9A19103F-16F7-4668-BE54-9A1E7A4F7556}") = "LQTests", "LQTests\LQTests.csproj", "{2BD1FF34-57EE-45FD-98DA-3162B1BC803C}"
EndProject
Project("{9A19103F-16F7-4668-BE54-9A1E7A4F7556}") = "LQSupport", "LQSupport\LQSupport.csproj", "{702D0AB1-4D20-4FEC-805F-6670A3297155}"
EndProject
Global
	GlobalSection(SolutionConfigurationPlatforms) = preSolution
		ClickOnce Debug|Any CPU = ClickOnce Debug|Any CPU
		ClickOnce Debug|x86 = ClickOnce Debug|x86
		ClickOnce Release|Any CPU = ClickOnce Release|Any CPU
		ClickOnce Release|x86 = ClickOnce Release|x86
		Debug|Any CPU = Debug|Any CPU
		Debug|x86 = Debug|x86
		DebugTest|Any CPU = DebugTest|Any CPU
		DebugTest|x86 = DebugTest|x86
		Release|Any CPU = Release|Any CPU
		Release|x86 = Release|x86
	EndGlobalSection
	GlobalSection(ProjectConfigurationPlatforms) = postSolution
		{08517306-9A14-4D42-9C49-DB0AEA157A6C}.ClickOnce Debug|Any CPU.ActiveCfg = Debug|Any CPU
		{08517306-9A14-4D42-9C49-DB0AEA157A6C}.ClickOnce Debug|Any CPU.Build.0 = Debug|Any CPU
		{08517306-9A14-4D42-9C49-DB0AEA157A6C}.ClickOnce Debug|x86.ActiveCfg = Debug|Any CPU
		{08517306-9A14-4D42-9C49-DB0AEA157A6C}.ClickOnce Debug|x86.Build.0 = Debug|Any CPU
		{08517306-9A14-4D42-9C49-DB0AEA157A6C}.ClickOnce Release|Any CPU.ActiveCfg = Release|Any CPU
		{08517306-9A14-4D42-9C49-DB0AEA157A6C}.ClickOnce Release|Any CPU.Build.0 = Release|Any CPU
		{08517306-9A14-4D42-9C49-DB0AEA157A6C}.ClickOnce Release|x86.ActiveCfg = Release|Any CPU
		{08517306-9A14-4D42-9C49-DB0AEA157A6C}.ClickOnce Release|x86.Build.0 = Release|Any CPU
		{08517306-9A14-4D42-9C49-DB0AEA157A6C}.Debug|Any CPU.ActiveCfg = Debug|Any CPU
		{08517306-9A14-4D42-9C49-DB0AEA157A6C}.Debug|Any CPU.Build.0 = Debug|Any CPU
		{08517306-9A14-4D42-9C49-DB0AEA157A6C}.Debug|x86.ActiveCfg = Debug|Any CPU
		{08517306-9A14-4D42-9C49-DB0AEA157A6C}.Debug|x86.Build.0 = Debug|Any CPU
		{08517306-9A14-4D42-9C49-DB0AEA157A6C}.DebugTest|Any CPU.ActiveCfg = Debug|Any CPU
		{08517306-9A14-4D42-9C49-DB0AEA157A6C}.DebugTest|Any CPU.Build.0 = Debug|Any CPU
		{08517306-9A14-4D42-9C49-DB0AEA157A6C}.DebugTest|x86.ActiveCfg = Debug|Any CPU
		{08517306-9A14-4D42-9C49-DB0AEA157A6C}.DebugTest|x86.Build.0 = Debug|Any CPU
		{08517306-9A14-4D42-9C49-DB0AEA157A6C}.Release|Any CPU.ActiveCfg = Release|Any CPU
		{08517306-9A14-4D42-9C49-DB0AEA157A6C}.Release|Any CPU.Build.0 = Release|Any CPU
		{08517306-9A14-4D42-9C49-DB0AEA157A6C}.Release|x86.ActiveCfg = Release|Any CPU
		{08517306-9A14-4D42-9C49-DB0AEA157A6C}.Release|x86.Build.0 = Release|Any CPU
		{D78BE101-3E1D-4DA1-8D43-CF2EDDE339C7}.ClickOnce Debug|Any CPU.ActiveCfg = Debug|Any CPU
		{D78BE101-3E1D-4DA1-8D43-CF2EDDE339C7}.ClickOnce Debug|Any CPU.Build.0 = Debug|Any CPU
		{D78BE101-3E1D-4DA1-8D43-CF2EDDE339C7}.ClickOnce Debug|x86.ActiveCfg = Debug|Any CPU
		{D78BE101-3E1D-4DA1-8D43-CF2EDDE339C7}.ClickOnce Debug|x86.Build.0 = Debug|Any CPU
		{D78BE101-3E1D-4DA1-8D43-CF2EDDE339C7}.ClickOnce Release|Any CPU.ActiveCfg = Release|Any CPU
		{D78BE101-3E1D-4DA1-8D43-CF2EDDE339C7}.ClickOnce Release|Any CPU.Build.0 = Release|Any CPU
		{D78BE101-3E1D-4DA1-8D43-CF2EDDE339C7}.ClickOnce Release|x86.ActiveCfg = Release|Any CPU
		{D78BE101-3E1D-4DA1-8D43-CF2EDDE339C7}.ClickOnce Release|x86.Build.0 = Release|Any CPU
		{D78BE101-3E1D-4DA1-8D43-CF2EDDE339C7}.Debug|Any CPU.ActiveCfg = Debug|Any CPU
		{D78BE101-3E1D-4DA1-8D43-CF2EDDE339C7}.Debug|Any CPU.Build.0 = Debug|Any CPU
		{D78BE101-3E1D-4DA1-8D43-CF2EDDE339C7}.Debug|x86.ActiveCfg = Debug|Any CPU
		{D78BE101-3E1D-4DA1-8D43-CF2EDDE339C7}.Debug|x86.Build.0 = Debug|Any CPU
		{D78BE101-3E1D-4DA1-8D43-CF2EDDE339C7}.DebugTest|Any CPU.ActiveCfg = Debug|Any CPU
		{D78BE101-3E1D-4DA1-8D43-CF2EDDE339C7}.DebugTest|Any CPU.Build.0 = Debug|Any CPU
		{D78BE101-3E1D-4DA1-8D43-CF2EDDE339C7}.DebugTest|x86.ActiveCfg = Debug|Any CPU
		{D78BE101-3E1D-4DA1-8D43-CF2EDDE339C7}.DebugTest|x86.Build.0 = Debug|Any CPU
		{D78BE101-3E1D-4DA1-8D43-CF2EDDE339C7}.Release|Any CPU.ActiveCfg = Release|Any CPU
		{D78BE101-3E1D-4DA1-8D43-CF2EDDE339C7}.Release|Any CPU.Build.0 = Release|Any CPU
		{D78BE101-3E1D-4DA1-8D43-CF2EDDE339C7}.Release|x86.ActiveCfg = Release|Any CPU
		{D78BE101-3E1D-4DA1-8D43-CF2EDDE339C7}.Release|x86.Build.0 = Release|Any CPU
		{403BC314-A4E4-4488-896E-D46A398F8B98}.ClickOnce Debug|Any CPU.ActiveCfg = Debug|Any CPU
		{403BC314-A4E4-4488-896E-D46A398F8B98}.ClickOnce Debug|Any CPU.Build.0 = Debug|Any CPU
		{403BC314-A4E4-4488-896E-D46A398F8B98}.ClickOnce Debug|x86.ActiveCfg = Debug|Any CPU
		{403BC314-A4E4-4488-896E-D46A398F8B98}.ClickOnce Debug|x86.Build.0 = Debug|Any CPU
		{403BC314-A4E4-4488-896E-D46A398F8B98}.ClickOnce Release|Any CPU.ActiveCfg = Release|Any CPU
		{403BC314-A4E4-4488-896E-D46A398F8B98}.ClickOnce Release|Any CPU.Build.0 = Release|Any CPU
		{403BC314-A4E4-4488-896E-D46A398F8B98}.ClickOnce Release|x86.ActiveCfg = Release|Any CPU
		{403BC314-A4E4-4488-896E-D46A398F8B98}.ClickOnce Release|x86.Build.0 = Release|Any CPU
		{403BC314-A4E4-4488-896E-D46A398F8B98}.Debug|Any CPU.ActiveCfg = Debug|Any CPU
		{403BC314-A4E4-4488-896E-D46A398F8B98}.Debug|Any CPU.Build.0 = Debug|Any CPU
		{403BC314-A4E4-4488-896E-D46A398F8B98}.Debug|x86.ActiveCfg = Debug|Any CPU
		{403BC314-A4E4-4488-896E-D46A398F8B98}.Debug|x86.Build.0 = Debug|Any CPU
		{403BC314-A4E4-4488-896E-D46A398F8B98}.DebugTest|Any CPU.ActiveCfg = Debug|Any CPU
		{403BC314-A4E4-4488-896E-D46A398F8B98}.DebugTest|Any CPU.Build.0 = Debug|Any CPU
		{403BC314-A4E4-4488-896E-D46A398F8B98}.DebugTest|x86.ActiveCfg = Debug|Any CPU
		{403BC314-A4E4-4488-896E-D46A398F8B98}.DebugTest|x86.Build.0 = Debug|Any CPU
		{403BC314-A4E4-4488-896E-D46A398F8B98}.Release|Any CPU.ActiveCfg = Release|Any CPU
		{403BC314-A4E4-4488-896E-D46A398F8B98}.Release|Any CPU.Build.0 = Release|Any CPU
		{403BC314-A4E4-4488-896E-D46A398F8B98}.Release|x86.ActiveCfg = Release|Any CPU
		{403BC314-A4E4-4488-896E-D46A398F8B98}.Release|x86.Build.0 = Release|Any CPU
		{167BD5DC-8E4E-4DE7-9FFD-14121DC1614E}.ClickOnce Debug|Any CPU.ActiveCfg = Debug|Any CPU
		{167BD5DC-8E4E-4DE7-9FFD-14121DC1614E}.ClickOnce Debug|Any CPU.Build.0 = Debug|Any CPU
		{167BD5DC-8E4E-4DE7-9FFD-14121DC1614E}.ClickOnce Debug|x86.ActiveCfg = Debug|Any CPU
		{167BD5DC-8E4E-4DE7-9FFD-14121DC1614E}.ClickOnce Debug|x86.Build.0 = Debug|Any CPU
		{167BD5DC-8E4E-4DE7-9FFD-14121DC1614E}.ClickOnce Release|Any CPU.ActiveCfg = Release|Any CPU
		{167BD5DC-8E4E-4DE7-9FFD-14121DC1614E}.ClickOnce Release|Any CPU.Build.0 = Release|Any CPU
		{167BD5DC-8E4E-4DE7-9FFD-14121DC1614E}.ClickOnce Release|x86.ActiveCfg = Release|Any CPU
		{167BD5DC-8E4E-4DE7-9FFD-14121DC1614E}.ClickOnce Release|x86.Build.0 = Release|Any CPU
		{167BD5DC-8E4E-4DE7-9FFD-14121DC1614E}.Debug|Any CPU.ActiveCfg = Debug|Any CPU
		{167BD5DC-8E4E-4DE7-9FFD-14121DC1614E}.Debug|Any CPU.Build.0 = Debug|Any CPU
		{167BD5DC-8E4E-4DE7-9FFD-14121DC1614E}.Debug|x86.ActiveCfg = Debug|Any CPU
		{167BD5DC-8E4E-4DE7-9FFD-14121DC1614E}.Debug|x86.Build.0 = Debug|Any CPU
		{167BD5DC-8E4E-4DE7-9FFD-14121DC1614E}.DebugTest|Any CPU.ActiveCfg = Debug|Any CPU
		{167BD5DC-8E4E-4DE7-9FFD-14121DC1614E}.DebugTest|Any CPU.Build.0 = Debug|Any CPU
		{167BD5DC-8E4E-4DE7-9FFD-14121DC1614E}.DebugTest|x86.ActiveCfg = Debug|Any CPU
		{167BD5DC-8E4E-4DE7-9FFD-14121DC1614E}.DebugTest|x86.Build.0 = Debug|Any CPU
		{167BD5DC-8E4E-4DE7-9FFD-14121DC1614E}.Release|Any CPU.ActiveCfg = Release|Any CPU
		{167BD5DC-8E4E-4DE7-9FFD-14121DC1614E}.Release|Any CPU.Build.0 = Release|Any CPU
		{167BD5DC-8E4E-4DE7-9FFD-14121DC1614E}.Release|x86.ActiveCfg = Release|Any CPU
		{167BD5DC-8E4E-4DE7-9FFD-14121DC1614E}.Release|x86.Build.0 = Release|Any CPU
		{2BD1FF34-57EE-45FD-98DA-3162B1BC803C}.ClickOnce Debug|Any CPU.ActiveCfg = Debug|Any CPU
		{2BD1FF34-57EE-45FD-98DA-3162B1BC803C}.ClickOnce Debug|Any CPU.Build.0 = Debug|Any CPU
		{2BD1FF34-57EE-45FD-98DA-3162B1BC803C}.ClickOnce Debug|x86.ActiveCfg = Debug|Any CPU
		{2BD1FF34-57EE-45FD-98DA-3162B1BC803C}.ClickOnce Debug|x86.Build.0 = Debug|Any CPU
		{2BD1FF34-57EE-45FD-98DA-3162B1BC803C}.ClickOnce Release|Any CPU.ActiveCfg = Release|Any CPU
		{2BD1FF34-57EE-45FD-98DA-3162B1BC803C}.ClickOnce Release|Any CPU.Build.0 = Release|Any CPU
		{2BD1FF34-57EE-45FD-98DA-3162B1BC803C}.ClickOnce Release|x86.ActiveCfg = Release|Any CPU
		{2BD1FF34-57EE-45FD-98DA-3162B1BC803C}.ClickOnce Release|x86.Build.0 = Release|Any CPU
		{2BD1FF34-57EE-45FD-98DA-3162B1BC803C}.Debug|Any CPU.ActiveCfg = Debug|Any CPU
		{2BD1FF34-57EE-45FD-98DA-3162B1BC803C}.Debug|Any CPU.Build.0 = Debug|Any CPU
		{2BD1FF34-57EE-45FD-98DA-3162B1BC803C}.Debug|x86.ActiveCfg = Debug|Any CPU
		{2BD1FF34-57EE-45FD-98DA-3162B1BC803C}.Debug|x86.Build.0 = Debug|Any CPU
		{2BD1FF34-57EE-45FD-98DA-3162B1BC803C}.DebugTest|Any CPU.ActiveCfg = Debug|Any CPU
		{2BD1FF34-57EE-45FD-98DA-3162B1BC803C}.DebugTest|Any CPU.Build.0 = Debug|Any CPU
		{2BD1FF34-57EE-45FD-98DA-3162B1BC803C}.DebugTest|x86.ActiveCfg = Debug|Any CPU
		{2BD1FF34-57EE-45FD-98DA-3162B1BC803C}.DebugTest|x86.Build.0 = Debug|Any CPU
		{2BD1FF34-57EE-45FD-98DA-3162B1BC803C}.Release|Any CPU.ActiveCfg = Release|Any CPU
		{2BD1FF34-57EE-45FD-98DA-3162B1BC803C}.Release|Any CPU.Build.0 = Release|Any CPU
		{2BD1FF34-57EE-45FD-98DA-3162B1BC803C}.Release|x86.ActiveCfg = Release|Any CPU
		{2BD1FF34-57EE-45FD-98DA-3162B1BC803C}.Release|x86.Build.0 = Release|Any CPU
		{702D0AB1-4D20-4FEC-805F-6670A3297155}.ClickOnce Debug|Any CPU.ActiveCfg = Debug|Any CPU
		{702D0AB1-4D20-4FEC-805F-6670A3297155}.ClickOnce Debug|Any CPU.Build.0 = Debug|Any CPU
		{702D0AB1-4D20-4FEC-805F-6670A3297155}.ClickOnce Debug|x86.ActiveCfg = Debug|Any CPU
		{702D0AB1-4D20-4FEC-805F-6670A3297155}.ClickOnce Debug|x86.Build.0 = Debug|Any CPU
		{702D0AB1-4D20-4FEC-805F-6670A3297155}.ClickOnce Release|Any CPU.ActiveCfg = Release|Any CPU
		{702D0AB1-4D20-4FEC-805F-6670A3297155}.ClickOnce Release|Any CPU.Build.0 = Release|Any CPU
		{702D0AB1-4D20-4FEC-805F-6670A3297155}.ClickOnce Release|x86.ActiveCfg = Release|Any CPU
		{702D0AB1-4D20-4FEC-805F-6670A3297155}.ClickOnce Release|x86.Build.0 = Release|Any CPU
		{702D0AB1-4D20-4FEC-805F-6670A3297155}.Debug|Any CPU.ActiveCfg = Debug|Any CPU
		{702D0AB1-4D20-4FEC-805F-6670A3297155}.Debug|Any CPU.Build.0 = Debug|Any CPU
		{702D0AB1-4D20-4FEC-805F-6670A3297155}.Debug|x86.ActiveCfg = Debug|Any CPU
		{702D0AB1-4D20-4FEC-805F-6670A3297155}.Debug|x86.Build.0 = Debug|Any CPU
		{702D0AB1-4D20-4FEC-805F-6670A3297155}.DebugTest|Any CPU.ActiveCfg = Debug|Any CPU
		{702D0AB1-4D20-4FEC-805F-6670A3297155}.DebugTest|Any CPU.Build.0 = Debug|Any CPU
		{702D0AB1-4D20-4FEC-805F-6670A3297155}.DebugTest|x86.ActiveCfg = Debug|Any CPU
		{702D0AB1-4D20-4FEC-805F-6670A3297155}.DebugTest|x86.Build.0 = Debug|Any CPU
		{702D0AB1-4D20-4FEC-805F-6670A3297155}.Release|Any CPU.ActiveCfg = Release|Any CPU
		{702D0AB1-4D20-4FEC-805F-6670A3297155}.Release|Any CPU.Build.0 = Release|Any CPU
		{702D0AB1-4D20-4FEC-805F-6670A3297155}.Release|x86.ActiveCfg = Release|Any CPU
		{702D0AB1-4D20-4FEC-805F-6670A3297155}.Release|x86.Build.0 = Release|Any CPU
	EndGlobalSection
	GlobalSection(SolutionProperties) = preSolution
		HideSolutionNode = FALSE
	EndGlobalSection
	GlobalSection(ExtensibilityGlobals) = postSolution
		SolutionGuid = {1ED80A41-89E8-43A5-A851-BA8DB1736581}
	EndGlobalSection
EndGlobal
